
Microsoft Visual Studio Solution File, Format Version 12.00
# Visual Studio 2015
Project("{FAE04EC0-301F-11D3-BF4B-00C04F79EFBC}") = "Civilis.CSharp.Plugins", "Civilis.CSharp.Plugins.csproj", "{68A2F624-1EF6-C62F-8B9F-A0ACE027CB90}"
EndProject
Project("{FAE04EC0-301F-11D3-BF4B-00C04F79EFBC}") = "Civilis.CSharp", "Civilis.CSharp.csproj", "{D9E65F41-B302-1399-C737-17EDF7AF7037}"
EndProject
Global
	GlobalSection(SolutionConfigurationPlatforms) = preSolution
		Debug|Any CPU = Debug|Any CPU
		Release|Any CPU = Release|Any CPU
	EndGlobalSection
	GlobalSection(ProjectConfigurationPlatforms) = postSolution
		{68A2F624-1EF6-C62F-8B9F-A0ACE027CB90}.Debug|Any CPU.ActiveCfg = Debug|Any CPU
		{68A2F624-1EF6-C62F-8B9F-A0ACE027CB90}.Debug|Any CPU.Build.0 = Debug|Any CPU
		{68A2F624-1EF6-C62F-8B9F-A0ACE027CB90}.Release|Any CPU.ActiveCfg = Release|Any CPU
		{68A2F624-1EF6-C62F-8B9F-A0ACE027CB90}.Release|Any CPU.Build.0 = Release|Any CPU
		{D9E65F41-B302-1399-C737-17EDF7AF7037}.Debug|Any CPU.ActiveCfg = Debug|Any CPU
		{D9E65F41-B302-1399-C737-17EDF7AF7037}.Debug|Any CPU.Build.0 = Debug|Any CPU
		{D9E65F41-B302-1399-C737-17EDF7AF7037}.Release|Any CPU.ActiveCfg = Release|Any CPU
		{D9E65F41-B302-1399-C737-17EDF7AF7037}.Release|Any CPU.Build.0 = Release|Any CPU
	EndGlobalSection
	GlobalSection(SolutionProperties) = preSolution
		HideSolutionNode = FALSE
	EndGlobalSection
EndGlobal
