Microsoft Visual Studio Solution File, Format Version 11.00
# Visual Studio 2008

Project("{EEC7A8D5-D38A-6E02-A0B2-0DA8301E2BD1}") = "Civilis", "Assembly-CSharp-firstpass.csproj", "{FDF7EAF8-D6FE-B2A9-A664-89B43D704B46}"
EndProject
Project("{EEC7A8D5-D38A-6E02-A0B2-0DA8301E2BD1}") = "Civilis", "Assembly-CSharp.csproj", "{65DF3EBA-E2D5-B6E3-1EB7-EA31402DE26C}"
EndProject
Global
	GlobalSection(SolutionConfigurationPlatforms) = preSolution
		Debug|Any CPU = Debug|Any CPU
		Release|Any CPU = Release|Any CPU
	EndGlobalSection
	GlobalSection(ProjectConfigurationPlatforms) = postSolution
		{FDF7EAF8-D6FE-B2A9-A664-89B43D704B46}.Debug|Any CPU.ActiveCfg = Debug|Any CPU
		{FDF7EAF8-D6FE-B2A9-A664-89B43D704B46}.Debug|Any CPU.Build.0 = Debug|Any CPU
		{FDF7EAF8-D6FE-B2A9-A664-89B43D704B46}.Release|Any CPU.ActiveCfg = Release|Any CPU
		{FDF7EAF8-D6FE-B2A9-A664-89B43D704B46}.Release|Any CPU.Build.0 = Release|Any CPU
		{65DF3EBA-E2D5-B6E3-1EB7-EA31402DE26C}.Debug|Any CPU.ActiveCfg = Debug|Any CPU
		{65DF3EBA-E2D5-B6E3-1EB7-EA31402DE26C}.Debug|Any CPU.Build.0 = Debug|Any CPU
		{65DF3EBA-E2D5-B6E3-1EB7-EA31402DE26C}.Release|Any CPU.ActiveCfg = Release|Any CPU
		{65DF3EBA-E2D5-B6E3-1EB7-EA31402DE26C}.Release|Any CPU.Build.0 = Release|Any CPU
	EndGlobalSection
	GlobalSection(SolutionProperties) = preSolution
		HideSolutionNode = FALSE
	EndGlobalSection
	GlobalSection(MonoDevelopProperties) = preSolution
		StartupItem = Assembly-CSharp.csproj
	EndGlobalSection
EndGlobal
